
Microsoft Visual Studio Solution File, Format Version 12.00
# Visual Studio 14
VisualStudioVersion = 14.0.25420.1
MinimumVisualStudioVersion = 10.0.40219.1
Project("{FAE04EC0-301F-11D3-BF4B-00C04F79EFBC}") = "GUI", "GUI.csproj", "{DF2C7B6B-E47C-42A6-9DAE-248A9EDBF562}"
EndProject
Global
	GlobalSection(SolutionConfigurationPlatforms) = preSolution
		Debug|Any CPU = Debug|Any CPU
		Debug|x64 = Debug|x64
		Release|Any CPU = Release|Any CPU
		Release|x64 = Release|x64
	EndGlobalSection
	GlobalSection(ProjectConfigurationPlatforms) = postSolution
		{DF2C7B6B-E47C-42A6-9DAE-248A9EDBF562}.Debug|Any CPU.ActiveCfg = Debug|Any CPU
		{DF2C7B6B-E47C-42A6-9DAE-248A9EDBF562}.Debug|Any CPU.Build.0 = Debug|Any CPU
		{DF2C7B6B-E47C-42A6-9DAE-248A9EDBF562}.Debug|x64.ActiveCfg = Debug|x64
		{DF2C7B6B-E47C-42A6-9DAE-248A9EDBF562}.Debug|x64.Build.0 = Debug|x64
		{DF2C7B6B-E47C-42A6-9DAE-248A9EDBF562}.Release|Any CPU.ActiveCfg = Release|Any CPU
		{DF2C7B6B-E47C-42A6-9DAE-248A9EDBF562}.Release|Any CPU.Build.0 = Release|Any CPU
		{DF2C7B6B-E47C-42A6-9DAE-248A9EDBF562}.Release|x64.ActiveCfg = Release|x64
		{DF2C7B6B-E47C-42A6-9DAE-248A9EDBF562}.Release|x64.Build.0 = Release|x64
	EndGlobalSection
	GlobalSection(SolutionProperties) = preSolution
		HideSolutionNode = FALSE
	EndGlobalSection
EndGlobal
